<?xml version="1.0" encoding="utf-8"?>
<Project ToolsVersion="4.0" xmlns="http://schemas.microsoft.com/developer/msbuild/2003">
  <ItemGroup>
    <Filter Include="shaders">
      <UniqueIdentifier>{67DA6AB6-F800-4c08-8B7A-83BB121AAD01}</UniqueIdentifier>
      <Extensions>rc;ico;cur;bmp;dlg;rc2;rct;bin;rgs;gif;jpg;jpeg;jpe;resx;tiff;tif;png;wav;mfcribbon-ms</Extensions>
    </Filter>
    <Filter Include="Engine">
      <UniqueIdentifier>{8d53b574-d700-4b43-b329-67c4e71f455f}</UniqueIdentifier>
    </Filter>
    <Filter Include="Game">
      <UniqueIdentifier>{826581d2-6f69-46b8-8d95-da7acb670207}</UniqueIdentifier>
    </Filter>
    <Filter Include="Engine\Audio">
      <UniqueIdentifier>{4e0401bb-1645-4063-97af-fc6cdd30d4c1}</UniqueIdentifier>
    </Filter>
    <Filter Include="Engine\PostEffect">
      <UniqueIdentifier>{05ffde40-28be-4861-b2e5-0a7602aeba55}</UniqueIdentifier>
    </Filter>
    <Filter Include="Engine\GPUResource">
      <UniqueIdentifier>{25322dc5-2d40-4691-8d4c-016755611460}</UniqueIdentifier>
    </Filter>
    <Filter Include="Engine\Graphics">
      <UniqueIdentifier>{a34502d8-f614-4497-b439-9c13d35c5074}</UniqueIdentifier>
    </Filter>
    <Filter Include="Engine\Math">
      <UniqueIdentifier>{9094f20f-2560-4204-b596-b09d0dd3d68a}</UniqueIdentifier>
    </Filter>
    <Filter Include="Engine\Particle">
      <UniqueIdentifier>{959eacc0-6bc1-4a03-b10f-3d83aa1546dc}</UniqueIdentifier>
    </Filter>
    <Filter Include="Engine\Texture">
      <UniqueIdentifier>{af21d9bf-f074-4066-9105-c691986910ed}</UniqueIdentifier>
    </Filter>
    <Filter Include="Engine\Rederer">
      <UniqueIdentifier>{bc96998d-67d7-46d7-a091-775a2021acfe}</UniqueIdentifier>
    </Filter>
    <Filter Include="Engine\Model">
      <UniqueIdentifier>{e753ea71-5e5a-45da-9668-ac1bf955a527}</UniqueIdentifier>
    </Filter>
    <Filter Include="Engine\Light">
      <UniqueIdentifier>{57d802ba-7fc0-4bf1-b234-87825c0658ba}</UniqueIdentifier>
    </Filter>
    <Filter Include="Game\Scene">
      <UniqueIdentifier>{6d4f3c8c-9564-4272-adf6-b3958391d2c6}</UniqueIdentifier>
    </Filter>
    <Filter Include="Game\Player">
      <UniqueIdentifier>{f806b664-fb89-4bdb-be9b-d5f92a9288a6}</UniqueIdentifier>
    </Filter>
    <Filter Include="Game\Stage">
      <UniqueIdentifier>{1ec4e05a-a67a-4a6f-88ca-56453d6b836d}</UniqueIdentifier>
    </Filter>
    <Filter Include="Game\Enemy">
      <UniqueIdentifier>{4b27e529-b8ea-403d-8046-a62c3e892ca9}</UniqueIdentifier>
    </Filter>
    <Filter Include="Engine\Sky">
      <UniqueIdentifier>{a3a8fdc8-5621-4fdb-8d80-dd550fe2da83}</UniqueIdentifier>
    </Filter>
    <Filter Include="Engine\Animation">
      <UniqueIdentifier>{49f097c0-c68c-4793-a54b-3b5dc154bdc0}</UniqueIdentifier>
    </Filter>
    <Filter Include="Game\Particle">
      <UniqueIdentifier>{1820220b-483d-485b-968f-ded23a5732e3}</UniqueIdentifier>
    </Filter>
    <Filter Include="Engine\Mesh">
      <UniqueIdentifier>{f818dff0-656e-45f0-9f8e-f479f1eaac69}</UniqueIdentifier>
    </Filter>
    <Filter Include="shaders\PostEffect">
      <UniqueIdentifier>{e47ecd7f-e5a9-461f-ac06-1f184710c405}</UniqueIdentifier>
    </Filter>
    <Filter Include="shaders\Transition">
      <UniqueIdentifier>{8bcd18f6-0501-49d4-92ef-603e62fa05c1}</UniqueIdentifier>
    </Filter>
    <Filter Include="Engine\GameComponent">
      <UniqueIdentifier>{0d50efd7-9491-40ef-915b-37715d373269}</UniqueIdentifier>
    </Filter>
    <Filter Include="shaders\FPlus">
      <UniqueIdentifier>{d4cb5cdf-fbd4-45fc-8af5-3930ef25126c}</UniqueIdentifier>
    </Filter>
    <Filter Include="shaders\Hlsli">
      <UniqueIdentifier>{fde0058d-1793-4232-9456-820ca1c074b4}</UniqueIdentifier>
    </Filter>
    <Filter Include="Engine\Input">
      <UniqueIdentifier>{c810670b-d476-48ee-b6ec-575de27a7707}</UniqueIdentifier>
    </Filter>
    <Filter Include="Engine\Framework">
      <UniqueIdentifier>{f664afa5-3083-4353-85e3-82f61874377e}</UniqueIdentifier>
    </Filter>
    <Filter Include="Game\WavePoints">
      <UniqueIdentifier>{423c02bc-b014-4262-8315-6fcca4ffeb00}</UniqueIdentifier>
    </Filter>
    <Filter Include="Game\Camera">
      <UniqueIdentifier>{10f1e74c-cd11-4f70-b064-fff5fd01c917}</UniqueIdentifier>
    </Filter>
    <Filter Include="Engine\Draw">
      <UniqueIdentifier>{4117657c-d136-48f4-b988-5c1b47d35590}</UniqueIdentifier>
    </Filter>
    <Filter Include="Engine\Wave">
      <UniqueIdentifier>{f835e169-236a-42e5-9a7d-56d2028452e5}</UniqueIdentifier>
    </Filter>
    <Filter Include="Engine\Curve">
      <UniqueIdentifier>{73e0be86-3752-4605-a8e9-e0917b422807}</UniqueIdentifier>
    </Filter>
    <Filter Include="shaders\Compute">
      <UniqueIdentifier>{4c86af85-f1e3-4f9b-8085-7aec3f9fd0dc}</UniqueIdentifier>
    </Filter>
    <Filter Include="Game\Rain">
      <UniqueIdentifier>{6dbc01d7-cc5a-4ff1-ae4a-c5485916a263}</UniqueIdentifier>
    </Filter>
    <Filter Include="Engine\Raytracing">
      <UniqueIdentifier>{e890c993-2deb-40e4-979d-0ab673734618}</UniqueIdentifier>
    </Filter>
    <Filter Include="Engine\ImGui">
      <UniqueIdentifier>{69196633-8f96-47c0-b3c4-f1ac473e12a9}</UniqueIdentifier>
    </Filter>
  </ItemGroup>
  <ItemGroup>
    <ClCompile Include="main.cpp">
      <Filter>Engine</Filter>
    </ClCompile>
    <ClCompile Include="engine\Animation\AnimationManager.cpp">
      <Filter>Engine\Animation</Filter>
    </ClCompile>
    <ClCompile Include="engine\Animation\Skeleton.cpp">
      <Filter>Engine\Animation</Filter>
    </ClCompile>
    <ClCompile Include="engine\Animation\SkinCluster.cpp">
      <Filter>Engine\Animation</Filter>
    </ClCompile>
    <ClCompile Include="engine\Animation\Skinning.cpp">
      <Filter>Engine\Animation</Filter>
    </ClCompile>
    <ClCompile Include="engine\GameComponent\Collider.cpp">
      <Filter>Engine\GameComponent</Filter>
    </ClCompile>
    <ClCompile Include="engine\GameComponent\DebugCamera.cpp">
      <Filter>Engine\GameComponent</Filter>
    </ClCompile>
    <ClCompile Include="engine\GameComponent\GameObjectManager.cpp">
      <Filter>Engine\GameComponent</Filter>
    </ClCompile>
    <ClCompile Include="engine\GameComponent\GlobalVariables.cpp">
      <Filter>Engine\GameComponent</Filter>
    </ClCompile>
    <ClCompile Include="engine\GameComponent\Loader.cpp">
      <Filter>Engine\GameComponent</Filter>
    </ClCompile>
    <ClCompile Include="engine\GameComponent\Material.cpp">
      <Filter>Engine\GameComponent</Filter>
    </ClCompile>
    <ClCompile Include="engine\GameComponent\ViewProjection.cpp">
      <Filter>Engine\GameComponent</Filter>
    </ClCompile>
    <ClCompile Include="engine\GameComponent\WorldTransform.cpp">
      <Filter>Engine\GameComponent</Filter>
    </ClCompile>
    <ClCompile Include="engine\GPUResource\BufferManager.cpp">
      <Filter>Engine\GPUResource</Filter>
    </ClCompile>
    <ClCompile Include="engine\GPUResource\ByteAddressBuffer.cpp">
      <Filter>Engine\GPUResource</Filter>
    </ClCompile>
    <ClCompile Include="engine\GPUResource\ColorBuffer.cpp">
      <Filter>Engine\GPUResource</Filter>
    </ClCompile>
    <ClCompile Include="engine\GPUResource\CopyBuffer.cpp">
      <Filter>Engine\GPUResource</Filter>
    </ClCompile>
    <ClCompile Include="engine\GPUResource\CubeColorBuffer.cpp">
      <Filter>Engine\GPUResource</Filter>
    </ClCompile>
    <ClCompile Include="engine\GPUResource\DefaultBuffer.cpp">
      <Filter>Engine\GPUResource</Filter>
    </ClCompile>
    <ClCompile Include="engine\GPUResource\DefaultStructuredBuffer.cpp">
      <Filter>Engine\GPUResource</Filter>
    </ClCompile>
    <ClCompile Include="engine\GPUResource\DepthBuffer.cpp">
      <Filter>Engine\GPUResource</Filter>
    </ClCompile>
    <ClCompile Include="engine\GPUResource\GPUResource.cpp">
      <Filter>Engine\GPUResource</Filter>
    </ClCompile>
    <ClCompile Include="engine\GPUResource\PixelBuffer.cpp">
      <Filter>Engine\GPUResource</Filter>
    </ClCompile>
    <ClCompile Include="engine\GPUResource\RwStructuredBuffer.cpp">
      <Filter>Engine\GPUResource</Filter>
    </ClCompile>
    <ClCompile Include="engine\GPUResource\StructuredBuffer.cpp">
      <Filter>Engine\GPUResource</Filter>
    </ClCompile>
    <ClCompile Include="engine\GPUResource\UAVBuffer.cpp">
      <Filter>Engine\GPUResource</Filter>
    </ClCompile>
    <ClCompile Include="engine\GPUResource\UploadBuffer.cpp">
      <Filter>Engine\GPUResource</Filter>
    </ClCompile>
    <ClCompile Include="engine\Graphics\CommandContext.cpp">
      <Filter>Engine\Graphics</Filter>
    </ClCompile>
    <ClCompile Include="engine\Graphics\CommandQueue.cpp">
      <Filter>Engine\Graphics</Filter>
    </ClCompile>
    <ClCompile Include="engine\Graphics\CommandSignature.cpp">
      <Filter>Engine\Graphics</Filter>
    </ClCompile>
    <ClCompile Include="engine\Graphics\DescriptorHeap.cpp">
      <Filter>Engine\Graphics</Filter>
    </ClCompile>
    <ClCompile Include="engine\Graphics\DirectXCommon.cpp">
      <Filter>Engine\Graphics</Filter>
    </ClCompile>
    <ClCompile Include="engine\Graphics\DWParam.cpp">
      <Filter>Engine\Graphics</Filter>
    </ClCompile>
    <ClCompile Include="engine\Graphics\Helper.cpp">
      <Filter>Engine\Graphics</Filter>
    </ClCompile>
    <ClCompile Include="engine\Graphics\PipelineState.cpp">
      <Filter>Engine\Graphics</Filter>
    </ClCompile>
    <ClCompile Include="engine\Graphics\RootSignature.cpp">
      <Filter>Engine\Graphics</Filter>
    </ClCompile>
    <ClCompile Include="engine\Graphics\SwapChain.cpp">
      <Filter>Engine\Graphics</Filter>
    </ClCompile>
    <ClCompile Include="engine\Graphics\WinApp.cpp">
      <Filter>Engine\Graphics</Filter>
    </ClCompile>
    <ClCompile Include="engine\Light\AreaLights.cpp">
      <Filter>Engine\Light</Filter>
    </ClCompile>
    <ClCompile Include="engine\Light\DeferredRenderer.cpp">
      <Filter>Engine\Light</Filter>
    </ClCompile>
    <ClCompile Include="engine\Light\DirectionalLights.cpp">
      <Filter>Engine\Light</Filter>
    </ClCompile>
    <ClCompile Include="engine\Light\LightManager.cpp">
      <Filter>Engine\Light</Filter>
    </ClCompile>
    <ClCompile Include="engine\Light\LightNumBuffer.cpp">
      <Filter>Engine\Light</Filter>
    </ClCompile>
    <ClCompile Include="engine\Light\PointLights.cpp">
      <Filter>Engine\Light</Filter>
    </ClCompile>
    <ClCompile Include="engine\Light\ShadowMap.cpp">
      <Filter>Engine\Light</Filter>
    </ClCompile>
    <ClCompile Include="engine\Light\ShadowSpotLights.cpp">
      <Filter>Engine\Light</Filter>
    </ClCompile>
    <ClCompile Include="engine\Light\SpotLights.cpp">
      <Filter>Engine\Light</Filter>
    </ClCompile>
    <ClCompile Include="engine\Light\SpotLightShadowMap.cpp">
      <Filter>Engine\Light</Filter>
    </ClCompile>
    <ClCompile Include="engine\Light\TileBasedRendering.cpp">
      <Filter>Engine\Light</Filter>
    </ClCompile>
    <ClCompile Include="engine\Mesh\Mesh.cpp">
      <Filter>Engine\Mesh</Filter>
    </ClCompile>
    <ClCompile Include="engine\Mesh\MeshletEnvironmentMapModel.cpp">
      <Filter>Engine\Mesh</Filter>
    </ClCompile>
    <ClCompile Include="engine\Mesh\MeshletModel.cpp">
      <Filter>Engine\Mesh</Filter>
    </ClCompile>
    <ClCompile Include="engine\Model\Model.cpp">
      <Filter>Engine\Model</Filter>
    </ClCompile>
    <ClCompile Include="engine\Model\ModelManager.cpp">
      <Filter>Engine\Model</Filter>
    </ClCompile>
    <ClCompile Include="engine\Particle\Particle.cpp">
      <Filter>Engine\Particle</Filter>
    </ClCompile>
    <ClCompile Include="engine\Particle\ParticleData.cpp">
      <Filter>Engine\Particle</Filter>
    </ClCompile>
    <ClCompile Include="engine\Particle\ParticleModel.cpp">
      <Filter>Engine\Particle</Filter>
    </ClCompile>
    <ClCompile Include="engine\Particle\ParticleModelData.cpp">
      <Filter>Engine\Particle</Filter>
    </ClCompile>
    <ClCompile Include="engine\PostEffect\Bloom.cpp">
      <Filter>Engine\PostEffect</Filter>
    </ClCompile>
    <ClCompile Include="engine\PostEffect\EdgeRenderer.cpp">
      <Filter>Engine\PostEffect</Filter>
    </ClCompile>
    <ClCompile Include="engine\PostEffect\GaussianBlur.cpp">
      <Filter>Engine\PostEffect</Filter>
    </ClCompile>
    <ClCompile Include="engine\PostEffect\GrayScale.cpp">
      <Filter>Engine\PostEffect</Filter>
    </ClCompile>
    <ClCompile Include="engine\PostEffect\HSVFilter.cpp">
      <Filter>Engine\PostEffect</Filter>
    </ClCompile>
    <ClCompile Include="engine\PostEffect\PostEffect.cpp">
      <Filter>Engine\PostEffect</Filter>
    </ClCompile>
    <ClCompile Include="engine\PostEffect\Reducation.cpp">
      <Filter>Engine\PostEffect</Filter>
    </ClCompile>
    <ClCompile Include="engine\PostEffect\Smooth.cpp">
      <Filter>Engine\PostEffect</Filter>
    </ClCompile>
    <ClCompile Include="engine\PostEffect\Vignette.cpp">
      <Filter>Engine\PostEffect</Filter>
    </ClCompile>
    <ClCompile Include="engine\RayTracing\BLAS.cpp">
      <Filter>Engine\Raytracing</Filter>
    </ClCompile>
    <ClCompile Include="engine\RayTracing\Raytracing.cpp">
      <Filter>Engine\Raytracing</Filter>
    </ClCompile>
    <ClCompile Include="engine\RayTracing\TLAS.cpp">
      <Filter>Engine\Raytracing</Filter>
    </ClCompile>
    <ClCompile Include="engine\Render\Renderer.cpp">
      <Filter>Engine\Rederer</Filter>
    </ClCompile>
    <ClCompile Include="engine\Render\Transition.cpp">
      <Filter>Engine\Rederer</Filter>
    </ClCompile>
    <ClCompile Include="engine\Render\Wire.cpp">
      <Filter>Engine\Rederer</Filter>
    </ClCompile>
    <ClCompile Include="engine\Sky\Sky.cpp">
      <Filter>Engine\Sky</Filter>
    </ClCompile>
    <ClCompile Include="engine\Sky\Voronoi.cpp">
      <Filter>Engine\Sky</Filter>
    </ClCompile>
    <ClCompile Include="engine\Texture\Sprite.cpp">
      <Filter>Engine\Texture</Filter>
    </ClCompile>
    <ClCompile Include="engine\Texture\SpriteData.cpp">
      <Filter>Engine\Texture</Filter>
    </ClCompile>
    <ClCompile Include="engine\Texture\TextureManager.cpp">
      <Filter>Engine\Texture</Filter>
    </ClCompile>
    <ClCompile Include="engine\Wave\Cellular.cpp">
      <Filter>Engine\Wave</Filter>
    </ClCompile>
    <ClCompile Include="engine\Wave\FloorRenderer.cpp">
      <Filter>Engine\Wave</Filter>
    </ClCompile>
    <ClCompile Include="engine\Wave\WaveData.cpp">
      <Filter>Engine\Wave</Filter>
    </ClCompile>
    <ClCompile Include="engine\Wave\WaveIndexData.cpp">
      <Filter>Engine\Wave</Filter>
    </ClCompile>
    <ClCompile Include="engine\Wave\WaveModel.cpp">
      <Filter>Engine\Wave</Filter>
    </ClCompile>
    <ClCompile Include="engine\Draw\Calling.cpp">
      <Filter>Engine\Draw</Filter>
    </ClCompile>
    <ClCompile Include="engine\Draw\DrawManager.cpp">
      <Filter>Engine\Draw</Filter>
    </ClCompile>
    <ClCompile Include="engine\GameComponent\GameObject.cpp">
      <Filter>Engine\GameComponent</Filter>
    </ClCompile>
    <ClCompile Include="engine\Input\Input.cpp">
      <Filter>Engine\Input</Filter>
    </ClCompile>
    <ClCompile Include="engine\Framework\Framework.cpp">
      <Filter>Engine\Framework</Filter>
    </ClCompile>
    <ClCompile Include="engine\Framework\MyGame.cpp">
      <Filter>Engine\Framework</Filter>
    </ClCompile>
    <ClCompile Include="application\Enemy\Enemy.cpp">
      <Filter>Game\Enemy</Filter>
    </ClCompile>
    <ClCompile Include="application\Enemy\EnemyBullet.cpp">
      <Filter>Game\Enemy</Filter>
    </ClCompile>
    <ClCompile Include="application\Enemy\EnemyBulletManager.cpp">
      <Filter>Game\Enemy</Filter>
    </ClCompile>
    <ClCompile Include="application\Enemy\LineAttack.cpp">
      <Filter>Game\Enemy</Filter>
    </ClCompile>
    <ClCompile Include="application\Camera\Camera.cpp">
      <Filter>Game\Camera</Filter>
    </ClCompile>
    <ClCompile Include="application\Particle\DustParticle.cpp">
      <Filter>Game\Particle</Filter>
    </ClCompile>
    <ClCompile Include="application\Particle\ExplodeParticle.cpp">
      <Filter>Game\Particle</Filter>
    </ClCompile>
    <ClCompile Include="application\Particle\SphereLights.cpp">
      <Filter>Game\Particle</Filter>
    </ClCompile>
    <ClCompile Include="application\Particle\WhiteParticle.cpp">
      <Filter>Game\Particle</Filter>
    </ClCompile>
    <ClCompile Include="application\Player\Player.cpp">
      <Filter>Game\Player</Filter>
    </ClCompile>
    <ClCompile Include="application\Player\PlayerBullet.cpp">
      <Filter>Game\Player</Filter>
    </ClCompile>
    <ClCompile Include="application\Player\PlayerBulletManager.cpp">
      <Filter>Game\Player</Filter>
    </ClCompile>
    <ClCompile Include="application\Scene\BaseScene.cpp">
      <Filter>Game\Scene</Filter>
    </ClCompile>
    <ClCompile Include="application\Scene\GamePlayScene.cpp">
      <Filter>Game\Scene</Filter>
    </ClCompile>
    <ClCompile Include="application\Scene\GameScene.cpp">
      <Filter>Game\Scene</Filter>
    </ClCompile>
    <ClCompile Include="application\Scene\SceneManager.cpp">
      <Filter>Game\Scene</Filter>
    </ClCompile>
    <ClCompile Include="application\Scene\TitleScene.cpp">
      <Filter>Game\Scene</Filter>
    </ClCompile>
    <ClCompile Include="application\Stage\Floor.cpp">
      <Filter>Game\Stage</Filter>
    </ClCompile>
    <ClCompile Include="application\Stage\Skybox.cpp">
      <Filter>Game\Stage</Filter>
    </ClCompile>
    <ClCompile Include="application\Stage\Tree.cpp">
      <Filter>Game\Stage</Filter>
    </ClCompile>
    <ClCompile Include="application\Stage\Trees.cpp">
      <Filter>Game\Stage</Filter>
    </ClCompile>
    <ClCompile Include="application\WavePoints\WavePoints.cpp">
      <Filter>Game\WavePoints</Filter>
    </ClCompile>
    <ClCompile Include="engine\RayTracing\RaytracingInstanceDescs.cpp">
      <Filter>Engine\Raytracing</Filter>
    </ClCompile>
    <ClCompile Include="engine\Curve\LissajousCurve.cpp">
      <Filter>Engine\Curve</Filter>
    </ClCompile>
    <ClCompile Include="application\Stage\LightObject.cpp">
      <Filter>Game\Stage</Filter>
    </ClCompile>
    <ClCompile Include="application\Stage\LightObjects.cpp">
      <Filter>Game\Stage</Filter>
    </ClCompile>
    <ClCompile Include="application\Player\PlayerModel.cpp">
      <Filter>Game\Player</Filter>
    </ClCompile>
    <ClCompile Include="application\Rain\RainDrop.cpp">
      <Filter>Game\Rain</Filter>
    </ClCompile>
    <ClCompile Include="application\Rain\RainManager.cpp">
      <Filter>Game\Rain</Filter>
    </ClCompile>
    <ClCompile Include="application\Stage\Cave.cpp">
      <Filter>Game\Stage</Filter>
    </ClCompile>
    <ClCompile Include="application\Stage\Mushroom.cpp">
      <Filter>Game\Stage</Filter>
    </ClCompile>
    <ClCompile Include="application\Stage\Mushrooms.cpp">
      <Filter>Game\Stage</Filter>
    </ClCompile>
    <ClCompile Include="engine\Light\ShaderManager.cpp">
      <Filter>Engine\Graphics</Filter>
    </ClCompile>
    <ClCompile Include="engine\audio\Audio.cpp">
      <Filter>Engine\Audio</Filter>
    </ClCompile>
    <ClCompile Include="engine\ImGui\ImGuiManager.cpp">
      <Filter>Engine\ImGui</Filter>
    </ClCompile>
    <ClCompile Include="engine\math\Easing.cpp">
      <Filter>Engine\Math</Filter>
    </ClCompile>
    <ClCompile Include="engine\externals\imgui\imgui.cpp">
      <Filter>Engine\ImGui</Filter>
    </ClCompile>
    <ClCompile Include="engine\externals\imgui\imgui_demo.cpp">
      <Filter>Engine\ImGui</Filter>
    </ClCompile>
    <ClCompile Include="engine\externals\imgui\imgui_draw.cpp">
      <Filter>Engine\ImGui</Filter>
    </ClCompile>
    <ClCompile Include="engine\externals\imgui\imgui_impl_dx12.cpp">
      <Filter>Engine\ImGui</Filter>
    </ClCompile>
    <ClCompile Include="engine\externals\imgui\imgui_impl_win32.cpp">
      <Filter>Engine\ImGui</Filter>
    </ClCompile>
    <ClCompile Include="engine\externals\imgui\imgui_tables.cpp">
      <Filter>Engine\ImGui</Filter>
    </ClCompile>
    <ClCompile Include="engine\externals\imgui\imgui_widgets.cpp">
      <Filter>Engine\ImGui</Filter>
    </ClCompile>
  </ItemGroup>
  <ItemGroup>
    <ClInclude Include="engine\Animation\AnimationManager.h">
      <Filter>Engine\Animation</Filter>
    </ClInclude>
    <ClInclude Include="engine\Animation\Skeleton.h">
      <Filter>Engine\Animation</Filter>
    </ClInclude>
    <ClInclude Include="engine\Animation\SkinCluster.h">
      <Filter>Engine\Animation</Filter>
    </ClInclude>
    <ClInclude Include="engine\Animation\Skinning.h">
      <Filter>Engine\Animation</Filter>
    </ClInclude>
    <ClInclude Include="engine\GameComponent\Collider.h">
      <Filter>Engine\GameComponent</Filter>
    </ClInclude>
    <ClInclude Include="engine\GameComponent\DebugCamera.h">
      <Filter>Engine\GameComponent</Filter>
    </ClInclude>
    <ClInclude Include="engine\GameComponent\GameObjectManager.h">
      <Filter>Engine\GameComponent</Filter>
    </ClInclude>
    <ClInclude Include="engine\GameComponent\GlobalVariables.h">
      <Filter>Engine\GameComponent</Filter>
    </ClInclude>
    <ClInclude Include="engine\GameComponent\Loader.h">
      <Filter>Engine\GameComponent</Filter>
    </ClInclude>
    <ClInclude Include="engine\GameComponent\Material.h">
      <Filter>Engine\GameComponent</Filter>
    </ClInclude>
    <ClInclude Include="engine\GameComponent\ViewProjection.h">
      <Filter>Engine\GameComponent</Filter>
    </ClInclude>
    <ClInclude Include="engine\GameComponent\WorldTransform.h">
      <Filter>Engine\GameComponent</Filter>
    </ClInclude>
    <ClInclude Include="engine\GPUResource\BufferManager.h">
      <Filter>Engine\GPUResource</Filter>
    </ClInclude>
    <ClInclude Include="engine\GPUResource\ByteAddressBuffer.h">
      <Filter>Engine\GPUResource</Filter>
    </ClInclude>
    <ClInclude Include="engine\GPUResource\ColorBuffer.h">
      <Filter>Engine\GPUResource</Filter>
    </ClInclude>
    <ClInclude Include="engine\GPUResource\CopyBuffer.h">
      <Filter>Engine\GPUResource</Filter>
    </ClInclude>
    <ClInclude Include="engine\GPUResource\CubeColorBuffer.h">
      <Filter>Engine\GPUResource</Filter>
    </ClInclude>
    <ClInclude Include="engine\GPUResource\DefaultBuffer.h">
      <Filter>Engine\GPUResource</Filter>
    </ClInclude>
    <ClInclude Include="engine\GPUResource\DefaultStructuredBuffer.h">
      <Filter>Engine\GPUResource</Filter>
    </ClInclude>
    <ClInclude Include="engine\GPUResource\DepthBuffer.h">
      <Filter>Engine\GPUResource</Filter>
    </ClInclude>
    <ClInclude Include="engine\GPUResource\GPUResource.h">
      <Filter>Engine\GPUResource</Filter>
    </ClInclude>
    <ClInclude Include="engine\GPUResource\PixelBuffer.h">
      <Filter>Engine\GPUResource</Filter>
    </ClInclude>
    <ClInclude Include="engine\GPUResource\RwStructuredBuffer.h">
      <Filter>Engine\GPUResource</Filter>
    </ClInclude>
    <ClInclude Include="engine\GPUResource\StructuredBuffer.h">
      <Filter>Engine\GPUResource</Filter>
    </ClInclude>
    <ClInclude Include="engine\GPUResource\UAVBuffer.h">
      <Filter>Engine\GPUResource</Filter>
    </ClInclude>
    <ClInclude Include="engine\GPUResource\UploadBuffer.h">
      <Filter>Engine\GPUResource</Filter>
    </ClInclude>
    <ClInclude Include="engine\Graphics\CommandContext.h">
      <Filter>Engine\Graphics</Filter>
    </ClInclude>
    <ClInclude Include="engine\Graphics\CommandQueue.h">
      <Filter>Engine\Graphics</Filter>
    </ClInclude>
    <ClInclude Include="engine\Graphics\CommandSignature.h">
      <Filter>Engine\Graphics</Filter>
    </ClInclude>
    <ClInclude Include="engine\Graphics\DescriptorHandle.h">
      <Filter>Engine\Graphics</Filter>
    </ClInclude>
    <ClInclude Include="engine\Graphics\DescriptorHeap.h">
      <Filter>Engine\Graphics</Filter>
    </ClInclude>
    <ClInclude Include="engine\Graphics\DirectXCommon.h">
      <Filter>Engine\Graphics</Filter>
    </ClInclude>
    <ClInclude Include="engine\Graphics\DWParam.h">
      <Filter>Engine\Graphics</Filter>
    </ClInclude>
    <ClInclude Include="engine\Graphics\Helper.h">
      <Filter>Engine\Graphics</Filter>
    </ClInclude>
    <ClInclude Include="engine\Graphics\PipelineState.h">
      <Filter>Engine\Graphics</Filter>
    </ClInclude>
    <ClInclude Include="engine\Graphics\RootSignature.h">
      <Filter>Engine\Graphics</Filter>
    </ClInclude>
    <ClInclude Include="engine\Graphics\SwapChain.h">
      <Filter>Engine\Graphics</Filter>
    </ClInclude>
    <ClInclude Include="engine\Graphics\WinApp.h">
      <Filter>Engine\Graphics</Filter>
    </ClInclude>
    <ClInclude Include="engine\Light\AreaLights.h">
      <Filter>Engine\Light</Filter>
    </ClInclude>
    <ClInclude Include="engine\Light\DeferredRenderer.h">
      <Filter>Engine\Light</Filter>
    </ClInclude>
    <ClInclude Include="engine\Light\DirectionalLights.h">
      <Filter>Engine\Light</Filter>
    </ClInclude>
    <ClInclude Include="engine\Light\LightManager.h">
      <Filter>Engine\Light</Filter>
    </ClInclude>
    <ClInclude Include="engine\Light\LightNumBuffer.h">
      <Filter>Engine\Light</Filter>
    </ClInclude>
    <ClInclude Include="engine\Light\PointLights.h">
      <Filter>Engine\Light</Filter>
    </ClInclude>
    <ClInclude Include="engine\Light\ShadowMap.h">
      <Filter>Engine\Light</Filter>
    </ClInclude>
    <ClInclude Include="engine\Light\ShadowSpotLights.h">
      <Filter>Engine\Light</Filter>
    </ClInclude>
    <ClInclude Include="engine\Light\SpotLights.h">
      <Filter>Engine\Light</Filter>
    </ClInclude>
    <ClInclude Include="engine\Light\SpotLightShadowMap.h">
      <Filter>Engine\Light</Filter>
    </ClInclude>
    <ClInclude Include="engine\Light\TileBasedRendering.h">
      <Filter>Engine\Light</Filter>
    </ClInclude>
    <ClInclude Include="engine\Mesh\Mesh.h">
      <Filter>Engine\Mesh</Filter>
    </ClInclude>
    <ClInclude Include="engine\Mesh\MeshletEnvironmentMapModel.h">
      <Filter>Engine\Mesh</Filter>
    </ClInclude>
    <ClInclude Include="engine\Mesh\MeshletModel.h">
      <Filter>Engine\Mesh</Filter>
    </ClInclude>
    <ClInclude Include="engine\Model\Model.h">
      <Filter>Engine\Model</Filter>
    </ClInclude>
    <ClInclude Include="engine\Model\ModelManager.h">
      <Filter>Engine\Model</Filter>
    </ClInclude>
    <ClInclude Include="engine\Particle\Particle.h">
      <Filter>Engine\Particle</Filter>
    </ClInclude>
    <ClInclude Include="engine\Particle\ParticleData.h">
      <Filter>Engine\Particle</Filter>
    </ClInclude>
    <ClInclude Include="engine\Particle\ParticleModel.h">
      <Filter>Engine\Particle</Filter>
    </ClInclude>
    <ClInclude Include="engine\Particle\ParticleModelData.h">
      <Filter>Engine\Particle</Filter>
    </ClInclude>
    <ClInclude Include="engine\PostEffect\Bloom.h">
      <Filter>Engine\PostEffect</Filter>
    </ClInclude>
    <ClInclude Include="engine\PostEffect\EdgeRenderer.h">
      <Filter>Engine\PostEffect</Filter>
    </ClInclude>
    <ClInclude Include="engine\PostEffect\GaussianBlur.h">
      <Filter>Engine\PostEffect</Filter>
    </ClInclude>
    <ClInclude Include="engine\PostEffect\GrayScale.h">
      <Filter>Engine\PostEffect</Filter>
    </ClInclude>
    <ClInclude Include="engine\PostEffect\HSVFilter.h">
      <Filter>Engine\PostEffect</Filter>
    </ClInclude>
    <ClInclude Include="engine\PostEffect\PostEffect.h">
      <Filter>Engine\PostEffect</Filter>
    </ClInclude>
    <ClInclude Include="engine\PostEffect\Reducation.h">
      <Filter>Engine\PostEffect</Filter>
    </ClInclude>
    <ClInclude Include="engine\PostEffect\Smooth.h">
      <Filter>Engine\PostEffect</Filter>
    </ClInclude>
    <ClInclude Include="engine\PostEffect\Vignette.h">
      <Filter>Engine\PostEffect</Filter>
    </ClInclude>
    <ClInclude Include="engine\RayTracing\BLAS.h">
      <Filter>Engine\Raytracing</Filter>
    </ClInclude>
    <ClInclude Include="engine\RayTracing\Raytracing.h">
      <Filter>Engine\Raytracing</Filter>
    </ClInclude>
    <ClInclude Include="engine\RayTracing\TLAS.h">
      <Filter>Engine\Raytracing</Filter>
    </ClInclude>
    <ClInclude Include="engine\Render\Renderer.h">
      <Filter>Engine\Rederer</Filter>
    </ClInclude>
    <ClInclude Include="engine\Render\Transition.h">
      <Filter>Engine\Rederer</Filter>
    </ClInclude>
    <ClInclude Include="engine\Render\Wire.h">
      <Filter>Engine\Rederer</Filter>
    </ClInclude>
    <ClInclude Include="engine\Sky\Sky.h">
      <Filter>Engine\Sky</Filter>
    </ClInclude>
    <ClInclude Include="engine\Sky\Voronoi.h">
      <Filter>Engine\Sky</Filter>
    </ClInclude>
    <ClInclude Include="engine\Texture\Sprite.h">
      <Filter>Engine\Texture</Filter>
    </ClInclude>
    <ClInclude Include="engine\Texture\SpriteData.h">
      <Filter>Engine\Texture</Filter>
    </ClInclude>
    <ClInclude Include="engine\Texture\TextureManager.h">
      <Filter>Engine\Texture</Filter>
    </ClInclude>
    <ClInclude Include="engine\Wave\Cellular.h">
      <Filter>Engine\Wave</Filter>
    </ClInclude>
    <ClInclude Include="engine\Wave\FloorRenderer.h">
      <Filter>Engine\Wave</Filter>
    </ClInclude>
    <ClInclude Include="engine\Wave\WaveData.h">
      <Filter>Engine\Wave</Filter>
    </ClInclude>
    <ClInclude Include="engine\Wave\WaveIndexData.h">
      <Filter>Engine\Wave</Filter>
    </ClInclude>
    <ClInclude Include="engine\Wave\WaveModel.h">
      <Filter>Engine\Wave</Filter>
    </ClInclude>
    <ClInclude Include="engine\Draw\Calling.h">
      <Filter>Engine\Draw</Filter>
    </ClInclude>
    <ClInclude Include="engine\Draw\DrawManager.h">
      <Filter>Engine\Draw</Filter>
    </ClInclude>
    <ClInclude Include="engine\GameComponent\GameObject.h">
      <Filter>Engine\GameComponent</Filter>
    </ClInclude>
    <ClInclude Include="engine\Input\Input.h">
      <Filter>Engine\Input</Filter>
    </ClInclude>
    <ClInclude Include="engine\Framework\Framework.h">
      <Filter>Engine\Framework</Filter>
    </ClInclude>
    <ClInclude Include="engine\Framework\MyGame.h">
      <Filter>Engine\Framework</Filter>
    </ClInclude>
    <ClInclude Include="application\Enemy\Enemy.h">
      <Filter>Game\Enemy</Filter>
    </ClInclude>
    <ClInclude Include="application\Enemy\EnemyBullet.h">
      <Filter>Game\Enemy</Filter>
    </ClInclude>
    <ClInclude Include="application\Enemy\EnemyBulletManager.h">
      <Filter>Game\Enemy</Filter>
    </ClInclude>
    <ClInclude Include="application\Enemy\LineAttack.h">
      <Filter>Game\Enemy</Filter>
    </ClInclude>
    <ClInclude Include="application\Camera\Camera.h">
      <Filter>Game\Camera</Filter>
    </ClInclude>
    <ClInclude Include="application\Particle\DustParticle.h">
      <Filter>Game\Particle</Filter>
    </ClInclude>
    <ClInclude Include="application\Particle\ExplodeParticle.h">
      <Filter>Game\Particle</Filter>
    </ClInclude>
    <ClInclude Include="application\Particle\SphereLights.h">
      <Filter>Game\Particle</Filter>
    </ClInclude>
    <ClInclude Include="application\Particle\WhiteParticle.h">
      <Filter>Game\Particle</Filter>
    </ClInclude>
    <ClInclude Include="application\Player\Player.h">
      <Filter>Game\Player</Filter>
    </ClInclude>
    <ClInclude Include="application\Player\PlayerBullet.h">
      <Filter>Game\Player</Filter>
    </ClInclude>
    <ClInclude Include="application\Player\PlayerBulletManager.h">
      <Filter>Game\Player</Filter>
    </ClInclude>
    <ClInclude Include="application\Scene\BaseScene.h">
      <Filter>Game\Scene</Filter>
    </ClInclude>
    <ClInclude Include="application\Scene\GamePlayScene.h">
      <Filter>Game\Scene</Filter>
    </ClInclude>
    <ClInclude Include="application\Scene\GameScene.h">
      <Filter>Game\Scene</Filter>
    </ClInclude>
    <ClInclude Include="application\Scene\SceneManager.h">
      <Filter>Game\Scene</Filter>
    </ClInclude>
    <ClInclude Include="application\Scene\TitleScene.h">
      <Filter>Game\Scene</Filter>
    </ClInclude>
    <ClInclude Include="application\Stage\Floor.h">
      <Filter>Game\Stage</Filter>
    </ClInclude>
    <ClInclude Include="application\Stage\Skybox.h">
      <Filter>Game\Stage</Filter>
    </ClInclude>
    <ClInclude Include="application\Stage\Tree.h">
      <Filter>Game\Stage</Filter>
    </ClInclude>
    <ClInclude Include="application\Stage\Trees.h">
      <Filter>Game\Stage</Filter>
    </ClInclude>
    <ClInclude Include="application\WavePoints\WavePoints.h">
      <Filter>Game\WavePoints</Filter>
    </ClInclude>
    <ClInclude Include="engine\RayTracing\RaytracingInstanceDescs.h">
      <Filter>Engine\Raytracing</Filter>
    </ClInclude>
    <ClInclude Include="engine\Curve\LissajousCurve.h">
      <Filter>Engine\Curve</Filter>
    </ClInclude>
    <ClInclude Include="application\Stage\LightObject.h">
      <Filter>Game\Stage</Filter>
    </ClInclude>
    <ClInclude Include="application\Stage\LightObjects.h">
      <Filter>Game\Stage</Filter>
    </ClInclude>
    <ClInclude Include="application\Player\PlayerModel.h">
      <Filter>Game\Player</Filter>
    </ClInclude>
    <ClInclude Include="application\Rain\RainDrop.h">
      <Filter>Game\Rain</Filter>
    </ClInclude>
    <ClInclude Include="application\Rain\RainManager.h">
      <Filter>Game\Rain</Filter>
    </ClInclude>
    <ClInclude Include="application\Stage\Cave.h">
      <Filter>Game\Stage</Filter>
    </ClInclude>
    <ClInclude Include="application\Stage\Mushroom.h">
      <Filter>Game\Stage</Filter>
    </ClInclude>
    <ClInclude Include="application\Stage\Mushrooms.h">
      <Filter>Game\Stage</Filter>
    </ClInclude>
    <ClInclude Include="engine\Light\ShaderManager.h">
      <Filter>Engine\Graphics</Filter>
    </ClInclude>
    <ClInclude Include="engine\audio\Audio.h">
      <Filter>Engine\Audio</Filter>
    </ClInclude>
    <ClInclude Include="engine\ImGui\ImGuiManager.h">
      <Filter>Engine\ImGui</Filter>
    </ClInclude>
    <ClInclude Include="engine\math\Easing.h">
      <Filter>Engine\Math</Filter>
    </ClInclude>
    <ClInclude Include="engine\math\Mymath.h">
      <Filter>Engine\Math</Filter>
    </ClInclude>
    <ClInclude Include="engine\externals\imgui\imconfig.h">
      <Filter>Engine\ImGui</Filter>
    </ClInclude>
    <ClInclude Include="engine\externals\imgui\imgui.h">
      <Filter>Engine\ImGui</Filter>
    </ClInclude>
    <ClInclude Include="engine\externals\imgui\imgui_impl_dx12.h">
      <Filter>Engine\ImGui</Filter>
    </ClInclude>
    <ClInclude Include="engine\externals\imgui\imgui_impl_win32.h">
      <Filter>Engine\ImGui</Filter>
    </ClInclude>
    <ClInclude Include="engine\externals\imgui\imgui_internal.h">
      <Filter>Engine\ImGui</Filter>
    </ClInclude>
    <ClInclude Include="engine\externals\imgui\imstb_rectpack.h">
      <Filter>Engine\ImGui</Filter>
    </ClInclude>
    <ClInclude Include="engine\externals\imgui\imstb_textedit.h">
      <Filter>Engine\ImGui</Filter>
    </ClInclude>
    <ClInclude Include="engine\externals\imgui\imstb_truetype.h">
      <Filter>Engine\ImGui</Filter>
    </ClInclude>
  </ItemGroup>
  <ItemGroup>
    <FxCompile Include="Resources\shaders\ModelPS.hlsl">
      <Filter>shaders</Filter>
    </FxCompile>
    <FxCompile Include="Resources\shaders\ModelVS.hlsl">
      <Filter>shaders</Filter>
    </FxCompile>
    <FxCompile Include="Resources\shaders\ParticlePS.hlsl">
      <Filter>shaders</Filter>
    </FxCompile>
    <FxCompile Include="Resources\shaders\ParticleVS.hlsl">
      <Filter>shaders</Filter>
    </FxCompile>
    <FxCompile Include="Resources\shaders\SpritePS.hlsl">
      <Filter>shaders</Filter>
    </FxCompile>
    <FxCompile Include="Resources\shaders\SpriteVS.hlsl">
      <Filter>shaders</Filter>
    </FxCompile>
    <FxCompile Include="Resources\shaders\ParticleModelPS.hlsl">
      <Filter>shaders</Filter>
    </FxCompile>
    <FxCompile Include="Resources\shaders\ParticleModelVS.hlsl">
      <Filter>shaders</Filter>
    </FxCompile>
    <FxCompile Include="Resources\shaders\PostEffectPS.hlsl">
      <Filter>shaders</Filter>
    </FxCompile>
    <FxCompile Include="Resources\shaders\PostEffectVS.hlsl">
      <Filter>shaders</Filter>
    </FxCompile>
    <FxCompile Include="Resources\shaders\DeferredRenderingPS.hlsl">
      <Filter>shaders</Filter>
    </FxCompile>
    <FxCompile Include="Resources\shaders\ShadowMapPS.hlsl">
      <Filter>shaders</Filter>
    </FxCompile>
    <FxCompile Include="Resources\shaders\ShadowMapVS.hlsl">
      <Filter>shaders</Filter>
    </FxCompile>
    <FxCompile Include="Resources\shaders\SpotLightShadowMapPS.hlsl">
      <Filter>shaders</Filter>
    </FxCompile>
    <FxCompile Include="Resources\shaders\SpotLightShadowMapVS.hlsl">
      <Filter>shaders</Filter>
    </FxCompile>
    <FxCompile Include="Resources\shaders\SkyPS.hlsl">
      <Filter>shaders</Filter>
    </FxCompile>
    <FxCompile Include="Resources\shaders\SkyVS.hlsl">
      <Filter>shaders</Filter>
    </FxCompile>
    <FxCompile Include="Resources\shaders\VoronoiPS.hlsl">
      <Filter>shaders</Filter>
    </FxCompile>
    <FxCompile Include="Resources\shaders\WirePS.hlsl">
      <Filter>shaders</Filter>
    </FxCompile>
    <FxCompile Include="Resources\shaders\WireVS.hlsl">
      <Filter>shaders</Filter>
    </FxCompile>
    <FxCompile Include="Resources\shaders\FloorPS.hlsl">
      <Filter>shaders</Filter>
    </FxCompile>
    <FxCompile Include="Resources\shaders\FloorVS.hlsl">
      <Filter>shaders</Filter>
    </FxCompile>
    <FxCompile Include="Resources\shaders\MeshTestMS.hlsl">
      <Filter>shaders</Filter>
    </FxCompile>
    <FxCompile Include="Resources\shaders\MeshTestPS.hlsl">
      <Filter>shaders</Filter>
    </FxCompile>
    <FxCompile Include="Resources\shaders\MeshTestAS.hlsl">
      <Filter>shaders</Filter>
    </FxCompile>
    <FxCompile Include="Resources\shaders\CellularPS.hlsl">
      <Filter>shaders</Filter>
    </FxCompile>
    <FxCompile Include="Resources\shaders\EdgePS.hlsl">
      <Filter>shaders\PostEffect</Filter>
    </FxCompile>
    <FxCompile Include="Resources\shaders\EdgeVS.hlsl">
      <Filter>shaders\PostEffect</Filter>
    </FxCompile>
    <FxCompile Include="Resources\shaders\BloomPS.hlsl">
      <Filter>shaders\PostEffect</Filter>
    </FxCompile>
    <FxCompile Include="Resources\shaders\GaussianBlurPS.hlsl">
      <Filter>shaders\PostEffect</Filter>
    </FxCompile>
    <FxCompile Include="Resources\shaders\GrayScale.hlsl">
      <Filter>shaders\PostEffect</Filter>
    </FxCompile>
    <FxCompile Include="Resources\shaders\HorizontalGaussianBlurVS.hlsl">
      <Filter>shaders\PostEffect</Filter>
    </FxCompile>
    <FxCompile Include="Resources\shaders\LuminanceExtractionrPS.hlsl">
      <Filter>shaders\PostEffect</Filter>
    </FxCompile>
    <FxCompile Include="Resources\shaders\MultiplyPS.hlsl">
      <Filter>shaders\PostEffect</Filter>
    </FxCompile>
    <FxCompile Include="Resources\shaders\ReducationPS.hlsl">
      <Filter>shaders\PostEffect</Filter>
    </FxCompile>
    <FxCompile Include="Resources\shaders\SmoothPS.hlsl">
      <Filter>shaders\PostEffect</Filter>
    </FxCompile>
    <FxCompile Include="Resources\shaders\Vignette.hlsl">
      <Filter>shaders\PostEffect</Filter>
    </FxCompile>
    <FxCompile Include="Resources\shaders\TransitionVS.hlsl">
      <Filter>shaders\Transition</Filter>
    </FxCompile>
    <FxCompile Include="Resources\shaders\TransitionPS.hlsl">
      <Filter>shaders\Transition</Filter>
    </FxCompile>
    <FxCompile Include="Resources\shaders\CS.hlsl">
      <Filter>shaders\Compute</Filter>
    </FxCompile>
    <FxCompile Include="Resources\shaders\InitializeParticleCS.hlsl">
      <Filter>shaders\Compute</Filter>
    </FxCompile>
    <FxCompile Include="Resources\shaders\SkinningCS.hlsl">
      <Filter>shaders\Compute</Filter>
    </FxCompile>
    <FxCompile Include="Resources\shaders\VerticalGaussianBlurVS.hlsl">
      <Filter>shaders\PostEffect</Filter>
    </FxCompile>
    <FxCompile Include="Resources\shaders\TBRCS.hlsl">
      <Filter>shaders\Compute</Filter>
    </FxCompile>
    <FxCompile Include="Resources\shaders\WaveMS.hlsl">
      <Filter>shaders</Filter>
    </FxCompile>
    <FxCompile Include="Resources\shaders\WaveAS.hlsl">
      <Filter>shaders</Filter>
    </FxCompile>
    <FxCompile Include="Resources\shaders\FloorAS.hlsl">
      <Filter>shaders</Filter>
    </FxCompile>
    <FxCompile Include="Resources\shaders\FloorMS.hlsl">
      <Filter>shaders</Filter>
    </FxCompile>
    <FxCompile Include="Resources\shaders\HSVFilterPS.hlsl">
      <Filter>shaders</Filter>
    </FxCompile>
    <FxCompile Include="Resources\shaders\forwardPlus\FloorPS.hlsl">
      <Filter>shaders\FPlus</Filter>
    </FxCompile>
    <FxCompile Include="Resources\shaders\forwardPlus\MeshEnvironmentMapPS.hlsl">
      <Filter>shaders\FPlus</Filter>
    </FxCompile>
    <FxCompile Include="Resources\shaders\forwardPlus\MeshTestPS.hlsl">
      <Filter>shaders\FPlus</Filter>
    </FxCompile>
    <FxCompile Include="Resources\shaders\forwardPlus\ModelPS.hlsl">
      <Filter>shaders\FPlus</Filter>
    </FxCompile>
    <FxCompile Include="Resources\shaders\forwardPlus\ParticleModelPS.hlsl">
      <Filter>shaders\FPlus</Filter>
    </FxCompile>
    <FxCompile Include="Resources\shaders\forwardPlus\ParticlePS.hlsl">
      <Filter>shaders\FPlus</Filter>
    </FxCompile>
    <FxCompile Include="Resources\shaders\forwardPlus\WavePS.hlsl">
      <Filter>shaders\FPlus</Filter>
    </FxCompile>
  </ItemGroup>
  <ItemGroup>
    <ResourceCompile Include="MyEngine.rc">
      <Filter>shaders</Filter>
    </ResourceCompile>
  </ItemGroup>
  <ItemGroup>
    <None Include="Resources\shaders\Common.hlsli">
      <Filter>shaders\Hlsli</Filter>
    </None>
    <None Include="Resources\shaders\Lighting.hlsli">
      <Filter>shaders\Hlsli</Filter>
    </None>
  </ItemGroup>
  <ItemGroup>
    <Text Include="engine\externals\imgui\LICENSE.txt">
      <Filter>Engine\ImGui</Filter>
    </Text>
  </ItemGroup>
</Project>