<?xml version="1.0" encoding="utf-8"?>
<Project ToolsVersion="4.0" xmlns="http://schemas.microsoft.com/developer/msbuild/2003">
  <ItemGroup>
    <Filter Include="ImGui">
      <UniqueIdentifier>{3c072587-3530-471a-8016-8b365895b401}</UniqueIdentifier>
    </Filter>
    <Filter Include="shaders">
      <UniqueIdentifier>{67DA6AB6-F800-4c08-8B7A-83BB121AAD01}</UniqueIdentifier>
      <Extensions>rc;ico;cur;bmp;dlg;rc2;rct;bin;rgs;gif;jpg;jpeg;jpe;resx;tiff;tif;png;wav;mfcribbon-ms</Extensions>
    </Filter>
    <Filter Include="Engine">
      <UniqueIdentifier>{8d53b574-d700-4b43-b329-67c4e71f455f}</UniqueIdentifier>
    </Filter>
    <Filter Include="Game">
      <UniqueIdentifier>{826581d2-6f69-46b8-8d95-da7acb670207}</UniqueIdentifier>
    </Filter>
    <Filter Include="Engine\Audio">
      <UniqueIdentifier>{4e0401bb-1645-4063-97af-fc6cdd30d4c1}</UniqueIdentifier>
    </Filter>
    <Filter Include="Engine\PostEffect">
      <UniqueIdentifier>{05ffde40-28be-4861-b2e5-0a7602aeba55}</UniqueIdentifier>
    </Filter>
    <Filter Include="Engine\GPUResource">
      <UniqueIdentifier>{25322dc5-2d40-4691-8d4c-016755611460}</UniqueIdentifier>
    </Filter>
    <Filter Include="Engine\Collider">
      <UniqueIdentifier>{3b8b40cb-24d3-4a5b-813d-d921c18c8024}</UniqueIdentifier>
    </Filter>
    <Filter Include="Engine\Graphics">
      <UniqueIdentifier>{a34502d8-f614-4497-b439-9c13d35c5074}</UniqueIdentifier>
    </Filter>
    <Filter Include="Engine\GameComponent">
      <UniqueIdentifier>{0d50efd7-9491-40ef-915b-37715d373269}</UniqueIdentifier>
    </Filter>
    <Filter Include="Engine\Math">
      <UniqueIdentifier>{9094f20f-2560-4204-b596-b09d0dd3d68a}</UniqueIdentifier>
    </Filter>
    <Filter Include="Engine\Input">
      <UniqueIdentifier>{70c46f3f-b832-4a61-88bc-072e56ec9be5}</UniqueIdentifier>
    </Filter>
    <Filter Include="Engine\ImGui">
      <UniqueIdentifier>{8f6d7cdf-c698-4080-b2e2-ae5db5107696}</UniqueIdentifier>
    </Filter>
    <Filter Include="Engine\Particle">
      <UniqueIdentifier>{959eacc0-6bc1-4a03-b10f-3d83aa1546dc}</UniqueIdentifier>
    </Filter>
    <Filter Include="Engine\Texture">
      <UniqueIdentifier>{af21d9bf-f074-4066-9105-c691986910ed}</UniqueIdentifier>
    </Filter>
    <Filter Include="Engine\Helper">
      <UniqueIdentifier>{db4f3341-6541-47a5-b7de-1fde552d8cb1}</UniqueIdentifier>
    </Filter>
    <Filter Include="Engine\Rederer">
      <UniqueIdentifier>{bc96998d-67d7-46d7-a091-775a2021acfe}</UniqueIdentifier>
    </Filter>
    <Filter Include="Engine\Model">
      <UniqueIdentifier>{e753ea71-5e5a-45da-9668-ac1bf955a527}</UniqueIdentifier>
    </Filter>
    <Filter Include="Engine\Camera">
      <UniqueIdentifier>{710ab866-965f-482b-9785-109a42b2dfbe}</UniqueIdentifier>
    </Filter>
    <Filter Include="Engine\ShadowMap">
      <UniqueIdentifier>{b9271c4f-423e-4db1-ba89-ece7173cd88c}</UniqueIdentifier>
    </Filter>
    <Filter Include="Engine\Sprite">
      <UniqueIdentifier>{d9b5e0ee-de14-446b-a90f-a801d58a45fd}</UniqueIdentifier>
    </Filter>
    <Filter Include="Engine\Light">
      <UniqueIdentifier>{57d802ba-7fc0-4bf1-b234-87825c0658ba}</UniqueIdentifier>
    </Filter>
    <Filter Include="Engine\Framework">
      <UniqueIdentifier>{fc8df7ad-608f-4e6d-9af3-f46f532d9f7d}</UniqueIdentifier>
    </Filter>
    <Filter Include="Game\Scene">
      <UniqueIdentifier>{6d4f3c8c-9564-4272-adf6-b3958391d2c6}</UniqueIdentifier>
    </Filter>
    <Filter Include="Game\Player">
      <UniqueIdentifier>{f806b664-fb89-4bdb-be9b-d5f92a9288a6}</UniqueIdentifier>
    </Filter>
    <Filter Include="Game\GameObject">
      <UniqueIdentifier>{4e8e28e5-583d-4062-ae34-dc0664ed07aa}</UniqueIdentifier>
    </Filter>
    <Filter Include="Game\Stage">
      <UniqueIdentifier>{1ec4e05a-a67a-4a6f-88ca-56453d6b836d}</UniqueIdentifier>
    </Filter>
    <Filter Include="Game\Enemy">
      <UniqueIdentifier>{4b27e529-b8ea-403d-8046-a62c3e892ca9}</UniqueIdentifier>
    </Filter>
    <Filter Include="Engine\Sky">
      <UniqueIdentifier>{a3a8fdc8-5621-4fdb-8d80-dd550fe2da83}</UniqueIdentifier>
    </Filter>
    <Filter Include="Engine\Animation">
      <UniqueIdentifier>{49f097c0-c68c-4793-a54b-3b5dc154bdc0}</UniqueIdentifier>
    </Filter>
    <Filter Include="Engine\DrawManager">
      <UniqueIdentifier>{4117657c-d136-48f4-b988-5c1b47d35590}</UniqueIdentifier>
    </Filter>
    <Filter Include="Game\Particle">
      <UniqueIdentifier>{1820220b-483d-485b-968f-ded23a5732e3}</UniqueIdentifier>
    </Filter>
    <Filter Include="Engine\FloorRenderer">
      <UniqueIdentifier>{670fbe95-3bb6-4402-987d-3da3a2dd3b41}</UniqueIdentifier>
    </Filter>
    <Filter Include="Engine\Loader">
      <UniqueIdentifier>{dfa7d86a-50f9-4618-9471-7628f44a98f3}</UniqueIdentifier>
    </Filter>
    <Filter Include="Engine\GameObjectManager">
      <UniqueIdentifier>{00d6d0a4-5148-4aa1-90a0-cc8392bce01a}</UniqueIdentifier>
    </Filter>
  </ItemGroup>
  <ItemGroup>
    <ClCompile Include="externals\imgui\imgui.cpp">
      <Filter>ImGui</Filter>
    </ClCompile>
    <ClCompile Include="externals\imgui\imgui_demo.cpp">
      <Filter>ImGui</Filter>
    </ClCompile>
    <ClCompile Include="externals\imgui\imgui_draw.cpp">
      <Filter>ImGui</Filter>
    </ClCompile>
    <ClCompile Include="externals\imgui\imgui_impl_dx12.cpp">
      <Filter>ImGui</Filter>
    </ClCompile>
    <ClCompile Include="externals\imgui\imgui_impl_win32.cpp">
      <Filter>ImGui</Filter>
    </ClCompile>
    <ClCompile Include="externals\imgui\imgui_tables.cpp">
      <Filter>ImGui</Filter>
    </ClCompile>
    <ClCompile Include="externals\imgui\imgui_widgets.cpp">
      <Filter>ImGui</Filter>
    </ClCompile>
    <ClCompile Include="main.cpp">
      <Filter>Engine</Filter>
    </ClCompile>
    <ClCompile Include="audio\Audio.cpp">
      <Filter>Engine\Audio</Filter>
    </ClCompile>
    <ClCompile Include="engine\Bloom.cpp">
      <Filter>Engine\PostEffect</Filter>
    </ClCompile>
    <ClCompile Include="engine\GaussianBlur.cpp">
      <Filter>Engine\PostEffect</Filter>
    </ClCompile>
    <ClCompile Include="engine\ColorBuffer.cpp">
      <Filter>Engine\GPUResource</Filter>
    </ClCompile>
    <ClCompile Include="engine\DepthBuffer.cpp">
      <Filter>Engine\GPUResource</Filter>
    </ClCompile>
    <ClCompile Include="engine\PixelBuffer.cpp">
      <Filter>Engine\GPUResource</Filter>
    </ClCompile>
    <ClCompile Include="engine\PostEffect.cpp">
      <Filter>Engine\PostEffect</Filter>
    </ClCompile>
    <ClCompile Include="engine\CommandContext.cpp">
      <Filter>Engine\Graphics</Filter>
    </ClCompile>
    <ClCompile Include="engine\CommandQueue.cpp">
      <Filter>Engine\Graphics</Filter>
    </ClCompile>
    <ClCompile Include="engine\DirectXCommon.cpp">
      <Filter>Engine\Graphics</Filter>
    </ClCompile>
    <ClCompile Include="engine\ShaderManager.cpp">
      <Filter>Engine\Graphics</Filter>
    </ClCompile>
    <ClCompile Include="engine\DescriptorHeap.cpp">
      <Filter>Engine\Graphics</Filter>
    </ClCompile>
    <ClCompile Include="engine\GlobalVariables.cpp">
      <Filter>Engine\GameComponent</Filter>
    </ClCompile>
    <ClCompile Include="engine\Material.cpp">
      <Filter>Engine\GameComponent</Filter>
    </ClCompile>
    <ClCompile Include="engine\WorldTransform.cpp">
      <Filter>Engine\GameComponent</Filter>
    </ClCompile>
    <ClCompile Include="math\Easing.cpp">
      <Filter>Engine\Math</Filter>
    </ClCompile>
    <ClCompile Include="engine\Input.cpp">
      <Filter>Engine\Input</Filter>
    </ClCompile>
    <ClCompile Include="engine\ParticleModel.cpp">
      <Filter>Engine\Particle</Filter>
    </ClCompile>
    <ClCompile Include="engine\Particle.cpp">
      <Filter>Engine\Particle</Filter>
    </ClCompile>
    <ClCompile Include="engine\PipelineState.cpp">
      <Filter>Engine\Graphics</Filter>
    </ClCompile>
    <ClCompile Include="engine\RootSignature.cpp">
      <Filter>Engine\Graphics</Filter>
    </ClCompile>
    <ClCompile Include="engine\SwapChain.cpp">
      <Filter>Engine\Graphics</Filter>
    </ClCompile>
    <ClCompile Include="engine\UploadBuffer.cpp">
      <Filter>Engine\GPUResource</Filter>
    </ClCompile>
    <ClCompile Include="engine\TextureManager.cpp">
      <Filter>Engine\Texture</Filter>
    </ClCompile>
    <ClCompile Include="engine\WinApp.cpp">
      <Filter>Engine\Graphics</Filter>
    </ClCompile>
    <ClCompile Include="engine\Helper.cpp">
      <Filter>Engine\Helper</Filter>
    </ClCompile>
    <ClCompile Include="engine\DWParam.cpp">
      <Filter>Engine\Helper</Filter>
    </ClCompile>
    <ClCompile Include="application\Compute.cpp">
      <Filter>Engine\GameComponent</Filter>
    </ClCompile>
    <ClCompile Include="engine\Renderer.cpp">
      <Filter>Engine\Rederer</Filter>
    </ClCompile>
    <ClCompile Include="engine\ModelManager.cpp">
      <Filter>Engine\Model</Filter>
    </ClCompile>
    <ClCompile Include="engine\Mesh.cpp">
      <Filter>Engine\Model</Filter>
    </ClCompile>
    <ClCompile Include="engine\DeferredRenderer.cpp">
      <Filter>Engine\PostEffect</Filter>
    </ClCompile>
    <ClCompile Include="engine\EdgeRenderer.cpp">
      <Filter>Engine\PostEffect</Filter>
    </ClCompile>
    <ClCompile Include="application\Camera.cpp">
      <Filter>Engine\Camera</Filter>
    </ClCompile>
    <ClCompile Include="engine\DebugCamera.cpp">
      <Filter>Engine\Camera</Filter>
    </ClCompile>
    <ClCompile Include="engine\ViewProjection.cpp">
      <Filter>Engine\Camera</Filter>
    </ClCompile>
    <ClCompile Include="engine\Collider.cpp">
      <Filter>Engine\Collider</Filter>
    </ClCompile>
    <ClCompile Include="engine\ShadowMap.cpp">
      <Filter>Engine\ShadowMap</Filter>
    </ClCompile>
    <ClCompile Include="engine\Sprite.cpp">
      <Filter>Engine\Sprite</Filter>
    </ClCompile>
    <ClCompile Include="engine\Model.cpp">
      <Filter>Engine\Model</Filter>
    </ClCompile>
    <ClCompile Include="engine\SpotLights.cpp">
      <Filter>Engine\Light</Filter>
    </ClCompile>
    <ClCompile Include="engine\PointLights.cpp">
      <Filter>Engine\Light</Filter>
    </ClCompile>
    <ClCompile Include="engine\DirectionalLights.cpp">
      <Filter>Engine\Light</Filter>
    </ClCompile>
    <ClCompile Include="application\Enemy.cpp">
      <Filter>Game\Enemy</Filter>
    </ClCompile>
    <ClCompile Include="application\EnemyBullet.cpp">
      <Filter>Game\Enemy</Filter>
    </ClCompile>
    <ClCompile Include="application\EnemyBulletManager.cpp">
      <Filter>Game\Enemy</Filter>
    </ClCompile>
    <ClCompile Include="application\ExplodeParticle.cpp">
      <Filter>Engine\Light</Filter>
    </ClCompile>
    <ClCompile Include="engine\StructuredBuffer.cpp">
      <Filter>Engine\GPUResource</Filter>
    </ClCompile>
    <ClCompile Include="ImGui\ImGuiManager.cpp">
      <Filter>Engine\ImGui</Filter>
    </ClCompile>
    <ClCompile Include="engine\SpotLightShadowMap.cpp">
      <Filter>Engine\ShadowMap</Filter>
    </ClCompile>
    <ClCompile Include="engine\ShadowSpotLights.cpp">
      <Filter>Engine\Light</Filter>
    </ClCompile>
    <ClCompile Include="engine\LightNumBuffer.cpp">
      <Filter>Engine\Light</Filter>
    </ClCompile>
    <ClCompile Include="engine\Transition.cpp">
      <Filter>Engine\PostEffect</Filter>
    </ClCompile>
    <ClCompile Include="engine\Framework.cpp">
      <Filter>Engine\Framework</Filter>
    </ClCompile>
    <ClCompile Include="application\MyGame.cpp">
      <Filter>Engine\Framework</Filter>
    </ClCompile>
    <ClCompile Include="application\GamePlayScene.cpp">
      <Filter>Game\Scene</Filter>
    </ClCompile>
    <ClCompile Include="application\BaseScene.cpp">
      <Filter>Game\Scene</Filter>
    </ClCompile>
    <ClCompile Include="application\SceneManager.cpp">
      <Filter>Game\Scene</Filter>
    </ClCompile>
    <ClCompile Include="application\TitleScene.cpp">
      <Filter>Game\Scene</Filter>
    </ClCompile>
    <ClCompile Include="engine\TileBasedRendering.cpp">
      <Filter>Engine\Light</Filter>
    </ClCompile>
    <ClCompile Include="application\DustParticle.cpp">
      <Filter>Game\Particle</Filter>
    </ClCompile>
    <ClCompile Include="application\WhiteParticle.cpp">
      <Filter>Game\Particle</Filter>
    </ClCompile>
    <ClCompile Include="application\Player.cpp">
      <Filter>Game\Player</Filter>
    </ClCompile>
    <ClCompile Include="application\PlayerBullet.cpp">
      <Filter>Game\Player</Filter>
    </ClCompile>
    <ClCompile Include="application\PlayerBulletManager.cpp">
      <Filter>Game\Player</Filter>
    </ClCompile>
    <ClCompile Include="engine\GameObject.cpp">
      <Filter>Game\GameObject</Filter>
    </ClCompile>
    <ClCompile Include="application\GameScene.cpp">
      <Filter>Game\Scene</Filter>
    </ClCompile>
    <ClCompile Include="application\BoxArea.cpp">
      <Filter>Game\Stage</Filter>
    </ClCompile>
    <ClCompile Include="application\Floor.cpp">
      <Filter>Game\Stage</Filter>
    </ClCompile>
    <ClCompile Include="application\Skydome.cpp">
      <Filter>Game\Stage</Filter>
    </ClCompile>
    <ClCompile Include="engine\DefaultBuffer.cpp">
      <Filter>Engine\GPUResource</Filter>
    </ClCompile>
    <ClCompile Include="engine\DefaultStructuredBuffer.cpp">
      <Filter>Engine\GPUResource</Filter>
    </ClCompile>
    <ClCompile Include="engine\RwStructuredBuffer.cpp">
      <Filter>Engine\GPUResource</Filter>
    </ClCompile>
    <ClCompile Include="engine\UAVBuffer.cpp">
      <Filter>Engine\GPUResource</Filter>
    </ClCompile>
    <ClCompile Include="engine\AreaLights.cpp">
      <Filter>Engine\Light</Filter>
    </ClCompile>
    <ClCompile Include="engine\Sky.cpp">
      <Filter>Engine\Sky</Filter>
    </ClCompile>
    <ClCompile Include="engine\Voronoi.cpp">
      <Filter>Engine\Sky</Filter>
    </ClCompile>
    <ClCompile Include="application\Skybox.cpp">
      <Filter>Game\Stage</Filter>
    </ClCompile>
    <ClCompile Include="application\SphereLights.cpp">
      <Filter>Game</Filter>
    </ClCompile>
    <ClCompile Include="engine\AnimationManager.cpp">
      <Filter>Engine\Animation</Filter>
    </ClCompile>
    <ClCompile Include="engine\Skeleton.cpp">
      <Filter>Engine\Model</Filter>
    </ClCompile>
    <ClCompile Include="engine\GrayScale.cpp">
      <Filter>Engine\PostEffect</Filter>
    </ClCompile>
    <ClCompile Include="engine\Skinning.cpp">
      <Filter>Engine\Animation</Filter>
    </ClCompile>
    <ClCompile Include="engine\SkinCluster.cpp">
      <Filter>Engine\Animation</Filter>
    </ClCompile>
    <ClCompile Include="engine\Wire.cpp">
      <Filter>Engine\Model</Filter>
    </ClCompile>
    <ClCompile Include="engine\Vignette.cpp">
      <Filter>Engine\PostEffect</Filter>
    </ClCompile>
    <ClCompile Include="engine\Smooth.cpp">
      <Filter>Engine\PostEffect</Filter>
    </ClCompile>
    <ClCompile Include="engine\DrawManager.cpp">
      <Filter>Engine\DrawManager</Filter>
    </ClCompile>
    <ClCompile Include="engine\ParticleData.cpp">
      <Filter>Engine\Particle</Filter>
    </ClCompile>
    <ClCompile Include="engine\ParticleModelData.cpp">
      <Filter>Engine\Particle</Filter>
    </ClCompile>
    <ClCompile Include="engine\SpriteData.cpp">
      <Filter>Engine\Sprite</Filter>
    </ClCompile>
    <ClCompile Include="engine\FloorRenderer.cpp">
      <Filter>Engine\FloorRenderer</Filter>
    </ClCompile>
    <ClCompile Include="engine\GPUResource.cpp">
      <Filter>Engine\GPUResource</Filter>
    </ClCompile>
    <ClCompile Include="engine\CubeColorBuffer.cpp">
      <Filter>Engine\GPUResource</Filter>
    </ClCompile>
    <ClCompile Include="engine\GameObjectManager.cpp">
      <Filter>Engine\Loader</Filter>
    </ClCompile>
    <ClCompile Include="engine\Reducation.cpp">
      <Filter>Engine\PostEffect</Filter>
    </ClCompile>
    <ClCompile Include="engine\Calling.cpp">
      <Filter>Engine\DrawManager</Filter>
    </ClCompile>
    <ClCompile Include="engine\CommandSignature.cpp">
      <Filter>Engine\Graphics</Filter>
    </ClCompile>
    <ClCompile Include="engine\AppendBuffer.cpp">
      <Filter>Engine\GPUResource</Filter>
    </ClCompile>
    <ClCompile Include="engine\MeshletModel.cpp">
      <Filter>Engine\Model</Filter>
    </ClCompile>
    <ClCompile Include="engine\ByteAddressBuffer.cpp">
      <Filter>Engine\GPUResource</Filter>
    </ClCompile>
  </ItemGroup>
  <ItemGroup>
    <ClInclude Include="externals\imgui\imconfig.h">
      <Filter>ImGui</Filter>
    </ClInclude>
    <ClInclude Include="externals\imgui\imgui.h">
      <Filter>ImGui</Filter>
    </ClInclude>
    <ClInclude Include="externals\imgui\imgui_impl_dx12.h">
      <Filter>ImGui</Filter>
    </ClInclude>
    <ClInclude Include="externals\imgui\imgui_impl_win32.h">
      <Filter>ImGui</Filter>
    </ClInclude>
    <ClInclude Include="externals\imgui\imgui_internal.h">
      <Filter>ImGui</Filter>
    </ClInclude>
    <ClInclude Include="externals\imgui\imstb_rectpack.h">
      <Filter>ImGui</Filter>
    </ClInclude>
    <ClInclude Include="externals\imgui\imstb_textedit.h">
      <Filter>ImGui</Filter>
    </ClInclude>
    <ClInclude Include="externals\imgui\imstb_truetype.h">
      <Filter>ImGui</Filter>
    </ClInclude>
    <ClInclude Include="audio\Audio.h">
      <Filter>Engine\Audio</Filter>
    </ClInclude>
    <ClInclude Include="engine\Bloom.h">
      <Filter>Engine\PostEffect</Filter>
    </ClInclude>
    <ClInclude Include="engine\GaussianBlur.h">
      <Filter>Engine\PostEffect</Filter>
    </ClInclude>
    <ClInclude Include="engine\ColorBuffer.h">
      <Filter>Engine\GPUResource</Filter>
    </ClInclude>
    <ClInclude Include="engine\DepthBuffer.h">
      <Filter>Engine\GPUResource</Filter>
    </ClInclude>
    <ClInclude Include="engine\DescriptorHandle.h">
      <Filter>Engine\GPUResource</Filter>
    </ClInclude>
    <ClInclude Include="engine\GPUResource.h">
      <Filter>Engine\GPUResource</Filter>
    </ClInclude>
    <ClInclude Include="engine\PixelBuffer.h">
      <Filter>Engine\GPUResource</Filter>
    </ClInclude>
    <ClInclude Include="engine\PostEffect.h">
      <Filter>Engine\PostEffect</Filter>
    </ClInclude>
    <ClInclude Include="engine\Collider.h">
      <Filter>Engine\Collider</Filter>
    </ClInclude>
    <ClInclude Include="engine\CommandContext.h">
      <Filter>Engine\Graphics</Filter>
    </ClInclude>
    <ClInclude Include="engine\CommandQueue.h">
      <Filter>Engine\Graphics</Filter>
    </ClInclude>
    <ClInclude Include="engine\DirectXCommon.h">
      <Filter>Engine\Graphics</Filter>
    </ClInclude>
    <ClInclude Include="engine\ShaderManager.h">
      <Filter>Engine\Graphics</Filter>
    </ClInclude>
    <ClInclude Include="engine\DescriptorHeap.h">
      <Filter>Engine\Graphics</Filter>
    </ClInclude>
    <ClInclude Include="engine\GlobalVariables.h">
      <Filter>Engine\GameComponent</Filter>
    </ClInclude>
    <ClInclude Include="engine\Material.h">
      <Filter>Engine\GameComponent</Filter>
    </ClInclude>
    <ClInclude Include="engine\WorldTransform.h">
      <Filter>Engine\GameComponent</Filter>
    </ClInclude>
    <ClInclude Include="math\Easing.h">
      <Filter>Engine\Math</Filter>
    </ClInclude>
    <ClInclude Include="math\Mymath.h">
      <Filter>Engine\Math</Filter>
    </ClInclude>
    <ClInclude Include="engine\Input.h">
      <Filter>Engine\Input</Filter>
    </ClInclude>
    <ClInclude Include="engine\Particle.h">
      <Filter>Engine\Particle</Filter>
    </ClInclude>
    <ClInclude Include="engine\ParticleModel.h">
      <Filter>Engine\Particle</Filter>
    </ClInclude>
    <ClInclude Include="engine\PipelineState.h">
      <Filter>Engine\Graphics</Filter>
    </ClInclude>
    <ClInclude Include="engine\RootSignature.h">
      <Filter>Engine\Graphics</Filter>
    </ClInclude>
    <ClInclude Include="engine\SwapChain.h">
      <Filter>Engine\Graphics</Filter>
    </ClInclude>
    <ClInclude Include="engine\UploadBuffer.h">
      <Filter>Engine\GPUResource</Filter>
    </ClInclude>
    <ClInclude Include="engine\TextureManager.h">
      <Filter>Engine\Texture</Filter>
    </ClInclude>
    <ClInclude Include="engine\WinApp.h">
      <Filter>Engine\Graphics</Filter>
    </ClInclude>
    <ClInclude Include="engine\Helper.h">
      <Filter>Engine\Helper</Filter>
    </ClInclude>
    <ClInclude Include="engine\DWParam.h">
      <Filter>Engine\Helper</Filter>
    </ClInclude>
    <ClInclude Include="application\Compute.h">
      <Filter>Engine\GameComponent</Filter>
    </ClInclude>
    <ClInclude Include="engine\Renderer.h">
      <Filter>Engine\Rederer</Filter>
    </ClInclude>
    <ClInclude Include="engine\Model.h">
      <Filter>Engine\Model</Filter>
    </ClInclude>
    <ClInclude Include="engine\Mesh.h">
      <Filter>Engine\Model</Filter>
    </ClInclude>
    <ClInclude Include="engine\DeferredRenderer.h">
      <Filter>Engine\PostEffect</Filter>
    </ClInclude>
    <ClInclude Include="engine\EdgeRenderer.h">
      <Filter>Engine\PostEffect</Filter>
    </ClInclude>
    <ClInclude Include="application\Camera.h">
      <Filter>Engine\Camera</Filter>
    </ClInclude>
    <ClInclude Include="engine\DebugCamera.h">
      <Filter>Engine\Camera</Filter>
    </ClInclude>
    <ClInclude Include="engine\ViewProjection.h">
      <Filter>Engine\Camera</Filter>
    </ClInclude>
    <ClInclude Include="engine\ShadowMap.h">
      <Filter>Engine\ShadowMap</Filter>
    </ClInclude>
    <ClInclude Include="engine\Sprite.h">
      <Filter>Engine\Sprite</Filter>
    </ClInclude>
    <ClInclude Include="engine\PointLights.h">
      <Filter>Engine\Light</Filter>
    </ClInclude>
    <ClInclude Include="engine\SpotLights.h">
      <Filter>Engine\Light</Filter>
    </ClInclude>
    <ClInclude Include="engine\DirectionalLights.h">
      <Filter>Engine\Light</Filter>
    </ClInclude>
    <ClInclude Include="application\EnemyBullet.h">
      <Filter>Game\Enemy</Filter>
    </ClInclude>
    <ClInclude Include="application\Enemy.h">
      <Filter>Game\Enemy</Filter>
    </ClInclude>
    <ClInclude Include="application\EnemyBulletManager.h">
      <Filter>Game\Enemy</Filter>
    </ClInclude>
    <ClInclude Include="application\ExplodeParticle.h">
      <Filter>Engine\Light</Filter>
    </ClInclude>
    <ClInclude Include="engine\StructuredBuffer.h">
      <Filter>Engine\GPUResource</Filter>
    </ClInclude>
    <ClInclude Include="ImGui\ImGuiManager.h">
      <Filter>Engine\ImGui</Filter>
    </ClInclude>
    <ClInclude Include="engine\SpotLightShadowMap.h">
      <Filter>Engine\ShadowMap</Filter>
    </ClInclude>
    <ClInclude Include="engine\ShadowSpotLights.h">
      <Filter>Engine\Light</Filter>
    </ClInclude>
    <ClInclude Include="engine\LightNumBuffer.h">
      <Filter>Engine\Light</Filter>
    </ClInclude>
    <ClInclude Include="engine\ModelManager.h">
      <Filter>Engine\Model</Filter>
    </ClInclude>
    <ClInclude Include="engine\Transition.h">
      <Filter>Engine\PostEffect</Filter>
    </ClInclude>
    <ClInclude Include="engine\Framework.h">
      <Filter>Engine\Framework</Filter>
    </ClInclude>
    <ClInclude Include="application\MyGame.h">
      <Filter>Engine\Framework</Filter>
    </ClInclude>
    <ClInclude Include="application\GamePlayScene.h">
      <Filter>Game\Scene</Filter>
    </ClInclude>
    <ClInclude Include="application\BaseScene.h">
      <Filter>Game\Scene</Filter>
    </ClInclude>
    <ClInclude Include="application\SceneManager.h">
      <Filter>Game\Scene</Filter>
    </ClInclude>
    <ClInclude Include="application\TitleScene.h">
      <Filter>Game\Scene</Filter>
    </ClInclude>
    <ClInclude Include="engine\TileBasedRendering.h">
      <Filter>Engine\Light</Filter>
    </ClInclude>
    <ClInclude Include="application\DustParticle.h">
      <Filter>Game\Particle</Filter>
    </ClInclude>
    <ClInclude Include="application\WhiteParticle.h">
      <Filter>Game\Particle</Filter>
    </ClInclude>
    <ClInclude Include="application\Player.h">
      <Filter>Game\Player</Filter>
    </ClInclude>
    <ClInclude Include="application\PlayerBullet.h">
      <Filter>Game\Player</Filter>
    </ClInclude>
    <ClInclude Include="application\PlayerBulletManager.h">
      <Filter>Game\Player</Filter>
    </ClInclude>
    <ClInclude Include="application\GameScene.h">
      <Filter>Game\Scene</Filter>
    </ClInclude>
    <ClInclude Include="engine\GameObject.h">
      <Filter>Game\GameObject</Filter>
    </ClInclude>
    <ClInclude Include="application\BoxArea.h">
      <Filter>Game\Stage</Filter>
    </ClInclude>
    <ClInclude Include="application\Floor.h">
      <Filter>Game\Stage</Filter>
    </ClInclude>
    <ClInclude Include="application\Skydome.h">
      <Filter>Game\Stage</Filter>
    </ClInclude>
    <ClInclude Include="engine\DefaultBuffer.h">
      <Filter>Engine\GPUResource</Filter>
    </ClInclude>
    <ClInclude Include="engine\DefaultStructuredBuffer.h">
      <Filter>Engine\GPUResource</Filter>
    </ClInclude>
    <ClInclude Include="engine\RwStructuredBuffer.h">
      <Filter>Engine\GPUResource</Filter>
    </ClInclude>
    <ClInclude Include="engine\UAVBuffer.h">
      <Filter>Engine\GPUResource</Filter>
    </ClInclude>
    <ClInclude Include="engine\AreaLights.h">
      <Filter>Engine\Light</Filter>
    </ClInclude>
    <ClInclude Include="engine\Sky.h">
      <Filter>Engine\Sky</Filter>
    </ClInclude>
    <ClInclude Include="engine\Voronoi.h">
      <Filter>Engine\Sky</Filter>
    </ClInclude>
    <ClInclude Include="application\Skybox.h">
      <Filter>Game\Stage</Filter>
    </ClInclude>
    <ClInclude Include="application\SphereLights.h">
      <Filter>Game</Filter>
    </ClInclude>
    <ClInclude Include="engine\AnimationManager.h">
      <Filter>Engine\Animation</Filter>
    </ClInclude>
    <ClInclude Include="engine\Skeleton.h">
      <Filter>Engine\Model</Filter>
    </ClInclude>
    <ClInclude Include="engine\GrayScale.h">
      <Filter>Engine\PostEffect</Filter>
    </ClInclude>
    <ClInclude Include="engine\Skinning.h">
      <Filter>Engine\Animation</Filter>
    </ClInclude>
    <ClInclude Include="engine\SkinCluster.h">
      <Filter>Engine\Animation</Filter>
    </ClInclude>
    <ClInclude Include="engine\Wire.h">
      <Filter>Engine\Model</Filter>
    </ClInclude>
    <ClInclude Include="engine\Vignette.h">
      <Filter>Engine\PostEffect</Filter>
    </ClInclude>
    <ClInclude Include="engine\Smooth.h">
      <Filter>Engine\PostEffect</Filter>
    </ClInclude>
    <ClInclude Include="engine\DrawManager.h">
      <Filter>Engine\DrawManager</Filter>
    </ClInclude>
    <ClInclude Include="engine\ParticleData.h">
      <Filter>Engine\Particle</Filter>
    </ClInclude>
    <ClInclude Include="engine\ParticleModelData.h">
      <Filter>Engine\Particle</Filter>
    </ClInclude>
    <ClInclude Include="engine\SpriteData.h">
      <Filter>Engine\Sprite</Filter>
    </ClInclude>
    <ClInclude Include="engine\FloorRenderer.h">
      <Filter>Engine\FloorRenderer</Filter>
    </ClInclude>
    <ClInclude Include="engine\CubeColorBuffer.h">
      <Filter>Engine\GPUResource</Filter>
    </ClInclude>
    <ClInclude Include="engine\GameObjectManager.h">
      <Filter>Engine\Loader</Filter>
    </ClInclude>
    <ClInclude Include="engine\Reducation.h">
      <Filter>Engine\PostEffect</Filter>
    </ClInclude>
    <ClInclude Include="engine\Calling.h">
      <Filter>Engine\DrawManager</Filter>
    </ClInclude>
    <ClInclude Include="engine\CommandSignature.h">
      <Filter>Engine\Graphics</Filter>
    </ClInclude>
    <ClInclude Include="engine\AppendBuffer.h">
      <Filter>Engine\GPUResource</Filter>
    </ClInclude>
    <ClInclude Include="engine\MeshletModel.h">
      <Filter>Engine\Model</Filter>
    </ClInclude>
    <ClInclude Include="engine\ByteAddressBuffer.h">
      <Filter>Engine\GPUResource</Filter>
    </ClInclude>
  </ItemGroup>
  <ItemGroup>
    <FxCompile Include="Resources\shaders\ModelPS.hlsl">
      <Filter>shaders</Filter>
    </FxCompile>
    <FxCompile Include="Resources\shaders\ModelVS.hlsl">
      <Filter>shaders</Filter>
    </FxCompile>
    <FxCompile Include="Resources\shaders\ParticlePS.hlsl">
      <Filter>shaders</Filter>
    </FxCompile>
    <FxCompile Include="Resources\shaders\ParticleVS.hlsl">
      <Filter>shaders</Filter>
    </FxCompile>
    <FxCompile Include="Resources\shaders\SpritePS.hlsl">
      <Filter>shaders</Filter>
    </FxCompile>
    <FxCompile Include="Resources\shaders\SpriteVS.hlsl">
      <Filter>shaders</Filter>
    </FxCompile>
    <FxCompile Include="Resources\shaders\ParticleModelPS.hlsl">
      <Filter>shaders</Filter>
    </FxCompile>
    <FxCompile Include="Resources\shaders\ParticleModelVS.hlsl">
      <Filter>shaders</Filter>
    </FxCompile>
    <FxCompile Include="Resources\shaders\PostEffectPS.hlsl">
      <Filter>shaders</Filter>
    </FxCompile>
    <FxCompile Include="Resources\shaders\PostEffectVS.hlsl">
      <Filter>shaders</Filter>
    </FxCompile>
    <FxCompile Include="Resources\shaders\GaussianBlurPS.hlsl">
      <Filter>shaders</Filter>
    </FxCompile>
    <FxCompile Include="Resources\shaders\HorizontalGaussianBlurVS.hlsl">
      <Filter>shaders</Filter>
    </FxCompile>
    <FxCompile Include="Resources\shaders\VerticalGaussianBlurVS.hlsl">
      <Filter>shaders</Filter>
    </FxCompile>
    <FxCompile Include="Resources\shaders\BloomPS.hlsl">
      <Filter>shaders</Filter>
    </FxCompile>
    <FxCompile Include="Resources\shaders\LuminanceExtractionrPS.hlsl">
      <Filter>shaders</Filter>
    </FxCompile>
    <FxCompile Include="Resources\shaders\CS.hlsl">
      <Filter>shaders</Filter>
    </FxCompile>
    <FxCompile Include="Resources\shaders\DeferredRenderingPS.hlsl">
      <Filter>shaders</Filter>
    </FxCompile>
    <FxCompile Include="Resources\shaders\MultiplyPS.hlsl">
      <Filter>shaders</Filter>
    </FxCompile>
    <FxCompile Include="Resources\shaders\EdgePS.hlsl">
      <Filter>shaders</Filter>
    </FxCompile>
    <FxCompile Include="Resources\shaders\EdgeVS.hlsl">
      <Filter>shaders</Filter>
    </FxCompile>
    <FxCompile Include="Resources\shaders\ShadowMapPS.hlsl">
      <Filter>shaders</Filter>
    </FxCompile>
    <FxCompile Include="Resources\shaders\ShadowMapVS.hlsl">
      <Filter>shaders</Filter>
    </FxCompile>
    <FxCompile Include="Resources\shaders\SpotLightShadowMapPS.hlsl">
      <Filter>shaders</Filter>
    </FxCompile>
    <FxCompile Include="Resources\shaders\SpotLightShadowMapVS.hlsl">
      <Filter>shaders</Filter>
    </FxCompile>
    <FxCompile Include="Resources\shaders\TransitionPS.hlsl">
      <Filter>shaders</Filter>
    </FxCompile>
    <FxCompile Include="Resources\shaders\TransitionVS.hlsl">
      <Filter>shaders</Filter>
    </FxCompile>
    <FxCompile Include="Resources\shaders\TBR.hlsl">
      <Filter>shaders</Filter>
    </FxCompile>
    <FxCompile Include="Resources\shaders\SkyPS.hlsl">
      <Filter>shaders</Filter>
    </FxCompile>
    <FxCompile Include="Resources\shaders\SkyVS.hlsl">
      <Filter>shaders</Filter>
    </FxCompile>
    <FxCompile Include="Resources\shaders\VoronoiPS.hlsl">
      <Filter>shaders</Filter>
    </FxCompile>
    <FxCompile Include="Resources\shaders\GrayScale.hlsl">
      <Filter>shaders</Filter>
    </FxCompile>
    <FxCompile Include="Resources\shaders\WirePS.hlsl">
      <Filter>shaders</Filter>
    </FxCompile>
    <FxCompile Include="Resources\shaders\WireVS.hlsl">
      <Filter>shaders</Filter>
    </FxCompile>
    <FxCompile Include="Resources\shaders\Vignette.hlsl">
      <Filter>shaders</Filter>
    </FxCompile>
    <FxCompile Include="Resources\shaders\SmoothPS.hlsl">
      <Filter>shaders</Filter>
    </FxCompile>
    <FxCompile Include="Resources\shaders\FloorPS.hlsl">
      <Filter>shaders</Filter>
    </FxCompile>
    <FxCompile Include="Resources\shaders\FloorVS.hlsl">
      <Filter>shaders</Filter>
    </FxCompile>
    <FxCompile Include="Resources\shaders\ReducationPS.hlsl">
      <Filter>shaders</Filter>
    </FxCompile>
    <FxCompile Include="Resources\shaders\MeshTestMS.hlsl">
      <Filter>shaders</Filter>
    </FxCompile>
    <FxCompile Include="Resources\shaders\MeshTestPS.hlsl">
      <Filter>shaders</Filter>
    </FxCompile>
    <FxCompile Include="Resources\shaders\InitializeParticleCS.hlsl">
      <Filter>shaders</Filter>
    </FxCompile>
    <FxCompile Include="Resources\shaders\SkinningCS.hlsl">
      <Filter>shaders</Filter>
    </FxCompile>
  </ItemGroup>
  <ItemGroup>
    <ResourceCompile Include="MyEngine.rc">
      <Filter>shaders</Filter>
    </ResourceCompile>
  </ItemGroup>
</Project>